{
  "name": "streamsnippets",
  "version": "1.0.0",
  "lockfileVersion": 1,
  "requires": true,
  "dependencies": {
    "webwebweb": {
      "version": "1.4.10",
      "resolved": "https://registry.npmjs.org/webwebweb/-/webwebweb-1.4.10.tgz",
      "integrity": "sha512-zrsgzO6/NEgFkzvvJ2QpEwlQfaCgkEdg5eI6hdhRJFLMvUAZkICvrZqRrXulRDW2Qsh/aJjN6r4YQNiRVY4zCA=="
    }
  }
}
